
Microsoft Visual Studio Solution File, Format Version 12.00
# Visual Studio Version 16
VisualStudioVersion = 16.0.29424.173
MinimumVisualStudioVersion = 10.0.40219.1
Project("{FAE04EC0-301F-11D3-BF4B-00C04F79EFBC}") = "AvaloniaTest", "AvaloniaTest\AvaloniaTest.csproj", "{13F07418-277C-445E-95AD-EEF6F25DDB6E}"
EndProject
Global
	GlobalSection(SolutionConfigurationPlatforms) = preSolution
		Debug|Any CPU = Debug|Any CPU
		Release|Any CPU = Release|Any CPU
	EndGlobalSection
	GlobalSection(ProjectConfigurationPlatforms) = postSolution
		{13F07418-277C-445E-95AD-EEF6F25DDB6E}.Debug|Any CPU.ActiveCfg = Debug|Any CPU
		{13F07418-277C-445E-95AD-EEF6F25DDB6E}.Debug|Any CPU.Build.0 = Debug|Any CPU
		{13F07418-277C-445E-95AD-EEF6F25DDB6E}.Release|Any CPU.ActiveCfg = Release|Any CPU
		{13F07418-277C-445E-95AD-EEF6F25DDB6E}.Release|Any CPU.Build.0 = Release|Any CPU
	EndGlobalSection
	GlobalSection(SolutionProperties) = preSolution
		HideSolutionNode = FALSE
	EndGlobalSection
	GlobalSection(ExtensibilityGlobals) = postSolution
		SolutionGuid = {4A388508-E4FE-4D9C-A7BB-3DDE87C3CB03}
	EndGlobalSection
EndGlobal
